
Microsoft Visual Studio Solution File, Format Version 12.00
# Visual Studio Version 16
VisualStudioVersion = 16.0.31129.286
MinimumVisualStudioVersion = 10.0.40219.1
Project("{FAE04EC0-301F-11D3-BF4B-00C04F79EFBC}") = "MvcMovie", "MvcMovie\MvcMovie.csproj", "{83EE3FD7-F592-4411-8055-6347B3893FDF}"
EndProject
Global
	GlobalSection(SolutionConfigurationPlatforms) = preSolution
		Debug|Any CPU = Debug|Any CPU
		Release|Any CPU = Release|Any CPU
	EndGlobalSection
	GlobalSection(ProjectConfigurationPlatforms) = postSolution
		{83EE3FD7-F592-4411-8055-6347B3893FDF}.Debug|Any CPU.ActiveCfg = Debug|Any CPU
		{83EE3FD7-F592-4411-8055-6347B3893FDF}.Debug|Any CPU.Build.0 = Debug|Any CPU
		{83EE3FD7-F592-4411-8055-6347B3893FDF}.Release|Any CPU.ActiveCfg = Release|Any CPU
		{83EE3FD7-F592-4411-8055-6347B3893FDF}.Release|Any CPU.Build.0 = Release|Any CPU
	EndGlobalSection
	GlobalSection(SolutionProperties) = preSolution
		HideSolutionNode = FALSE
	EndGlobalSection
	GlobalSection(ExtensibilityGlobals) = postSolution
		SolutionGuid = {EC39099D-71C6-4CF6-A75B-E4698D06ED4A}
	EndGlobalSection
EndGlobal
